// !$*UTF8*$!
{
	archiveVersion = 1;
	classes = {
	};
	objectVersion = 46;
	objects = {

/* Begin PBXBuildFile section */
		05FCF4BA1C2BF4AC00E199D0 /* main.m in Sources */ = {isa = PBXBuildFile; fileRef = 05FCF4B91C2BF4AC00E199D0 /* main.m */; };
		05FCF4BD1C2BF4AC00E199D0 /* AppDelegate.mm in Sources */ = {isa = PBXBuildFile; fileRef = 05FCF4BC1C2BF4AC00E199D0 /* AppDelegate.mm */; };
		05FCF4C01C2BF4AC00E199D0 /* ViewController.m in Sources */ = {isa = PBXBuildFile; fileRef = 05FCF4BF1C2BF4AC00E199D0 /* ViewController.m */; };
		05FCF4C31C2BF4AC00E199D0 /* Main.storyboard in Resources */ = {isa = PBXBuildFile; fileRef = 05FCF4C11C2BF4AC00E199D0 /* Main.storyboard */; };
		05FCF4C51C2BF4AC00E199D0 /* Assets.xcassets in Resources */ = {isa = PBXBuildFile; fileRef = 05FCF4C41C2BF4AC00E199D0 /* Assets.xcassets */; };
		05FCF4C81C2BF4AC00E199D0 /* LaunchScreen.storyboard in Resources */ = {isa = PBXBuildFile; fileRef = 05FCF4C61C2BF4AC00E199D0 /* LaunchScreen.storyboard */; };
		3CF2401D1C2D55B9009FA8CB /* libimpb.a in Frameworks */ = {isa = PBXBuildFile; fileRef = 3CF2401A1C2D55B9009FA8CB /* libimpb.a */; };
		3CF2401E1C2D55B9009FA8CB /* libprotobuf-lite.a in Frameworks */ = {isa = PBXBuildFile; fileRef = 3CF2401B1C2D55B9009FA8CB /* libprotobuf-lite.a */; };
		3CF2401F1C2D55B9009FA8CB /* libsecurity.a in Frameworks */ = {isa = PBXBuildFile; fileRef = 3CF2401C1C2D55B9009FA8CB /* libsecurity.a */; };
/* End PBXBuildFile section */

/* Begin PBXFileReference section */
		05FCF4B51C2BF4AC00E199D0 /* test_pb_xcode.app */ = {isa = PBXFileReference; explicitFileType = wrapper.application; includeInIndex = 0; path = test_pb_xcode.app; sourceTree = BUILT_PRODUCTS_DIR; };
		05FCF4B91C2BF4AC00E199D0 /* main.m */ = {isa = PBXFileReference; lastKnownFileType = sourcecode.c.objc; path = main.m; sourceTree = "<group>"; };
		05FCF4BB1C2BF4AC00E199D0 /* AppDelegate.h */ = {isa = PBXFileReference; lastKnownFileType = sourcecode.c.h; path = AppDelegate.h; sourceTree = "<group>"; };
		05FCF4BC1C2BF4AC00E199D0 /* AppDelegate.mm */ = {isa = PBXFileReference; lastKnownFileType = sourcecode.cpp.objcpp; path = AppDelegate.mm; sourceTree = "<group>"; };
		05FCF4BE1C2BF4AC00E199D0 /* ViewController.h */ = {isa = PBXFileReference; lastKnownFileType = sourcecode.c.h; path = ViewController.h; sourceTree = "<group>"; };
		05FCF4BF1C2BF4AC00E199D0 /* ViewController.m */ = {isa = PBXFileReference; lastKnownFileType = sourcecode.c.objc; path = ViewController.m; sourceTree = "<group>"; };
		05FCF4C21C2BF4AC00E199D0 /* Base */ = {isa = PBXFileReference; lastKnownFileType = file.storyboard; name = Base; path = Base.lproj/Main.storyboard; sourceTree = "<group>"; };
		05FCF4C41C2BF4AC00E199D0 /* Assets.xcassets */ = {isa = PBXFileReference; lastKnownFileType = folder.assetcatalog; path = Assets.xcassets; sourceTree = "<group>"; };
		05FCF4C71C2BF4AC00E199D0 /* Base */ = {isa = PBXFileReference; lastKnownFileType = file.storyboard; name = Base; path = Base.lproj/LaunchScreen.storyboard; sourceTree = "<group>"; };
		05FCF4C91C2BF4AC00E199D0 /* Info.plist */ = {isa = PBXFileReference; lastKnownFileType = text.plist.xml; path = Info.plist; sourceTree = "<group>"; };
		05FCF4E11C2BFBA900E199D0 /* imdefine.h */ = {isa = PBXFileReference; fileEncoding = 4; lastKnownFileType = sourcecode.c.h; path = imdefine.h; sourceTree = "<group>"; };
		05FCF4E21C2BFBA900E199D0 /* impb_interface.h */ = {isa = PBXFileReference; fileEncoding = 4; lastKnownFileType = sourcecode.c.h; path = impb_interface.h; sourceTree = "<group>"; };
		05FCF4E31C2BFBB800E199D0 /* impb_security.h */ = {isa = PBXFileReference; fileEncoding = 4; lastKnownFileType = sourcecode.c.h; path = impb_security.h; sourceTree = "<group>"; };
		3CF2401A1C2D55B9009FA8CB /* libimpb.a */ = {isa = PBXFileReference; lastKnownFileType = archive.ar; path = libimpb.a; sourceTree = "<group>"; };
		3CF2401B1C2D55B9009FA8CB /* libprotobuf-lite.a */ = {isa = PBXFileReference; lastKnownFileType = archive.ar; path = "libprotobuf-lite.a"; sourceTree = "<group>"; };
		3CF2401C1C2D55B9009FA8CB /* libsecurity.a */ = {isa = PBXFileReference; lastKnownFileType = archive.ar; path = libsecurity.a; sourceTree = "<group>"; };
/* End PBXFileReference section */

/* Begin PBXFrameworksBuildPhase section */
		05FCF4B21C2BF4AC00E199D0 /* Frameworks */ = {
			isa = PBXFrameworksBuildPhase;
			buildActionMask = 2147483647;
			files = (
				3CF2401F1C2D55B9009FA8CB /* libsecurity.a in Frameworks */,
				3CF2401E1C2D55B9009FA8CB /* libprotobuf-lite.a in Frameworks */,
				3CF2401D1C2D55B9009FA8CB /* libimpb.a in Frameworks */,
			);
			runOnlyForDeploymentPostprocessing = 0;
		};
/* End PBXFrameworksBuildPhase section */

/* Begin PBXGroup section */
		05FCF4AC1C2BF4AC00E199D0 = {
			isa = PBXGroup;
			children = (
				3CF2401A1C2D55B9009FA8CB /* libimpb.a */,
				3CF2401B1C2D55B9009FA8CB /* libprotobuf-lite.a */,
				3CF2401C1C2D55B9009FA8CB /* libsecurity.a */,
				05FCF4E31C2BFBB800E199D0 /* impb_security.h */,
				05FCF4E11C2BFBA900E199D0 /* imdefine.h */,
				05FCF4E21C2BFBA900E199D0 /* impb_interface.h */,
				05FCF4B71C2BF4AC00E199D0 /* test_pb_xcode */,
				05FCF4B61C2BF4AC00E199D0 /* Products */,
			);
			sourceTree = "<group>";
		};
		05FCF4B61C2BF4AC00E199D0 /* Products */ = {
			isa = PBXGroup;
			children = (
				05FCF4B51C2BF4AC00E199D0 /* test_pb_xcode.app */,
			);
			name = Products;
			sourceTree = "<group>";
		};
		05FCF4B71C2BF4AC00E199D0 /* test_pb_xcode */ = {
			isa = PBXGroup;
			children = (
				05FCF4BB1C2BF4AC00E199D0 /* AppDelegate.h */,
				05FCF4BC1C2BF4AC00E199D0 /* AppDelegate.mm */,
				05FCF4BE1C2BF4AC00E199D0 /* ViewController.h */,
				05FCF4BF1C2BF4AC00E199D0 /* ViewController.m */,
				05FCF4C11C2BF4AC00E199D0 /* Main.storyboard */,
				05FCF4C41C2BF4AC00E199D0 /* Assets.xcassets */,
				05FCF4C61C2BF4AC00E199D0 /* LaunchScreen.storyboard */,
				05FCF4C91C2BF4AC00E199D0 /* Info.plist */,
				05FCF4B81C2BF4AC00E199D0 /* Supporting Files */,
			);
			path = test_pb_xcode;
			sourceTree = "<group>";
		};
		05FCF4B81C2BF4AC00E199D0 /* Supporting Files */ = {
			isa = PBXGroup;
			children = (
				05FCF4B91C2BF4AC00E199D0 /* main.m */,
			);
			name = "Supporting Files";
			sourceTree = "<group>";
		};
/* End PBXGroup section */

/* Begin PBXNativeTarget section */
		05FCF4B41C2BF4AC00E199D0 /* test_pb_xcode */ = {
			isa = PBXNativeTarget;
			buildConfigurationList = 05FCF4CC1C2BF4AC00E199D0 /* Build configuration list for PBXNativeTarget "test_pb_xcode" */;
			buildPhases = (
				05FCF4B11C2BF4AC00E199D0 /* Sources */,
				05FCF4B21C2BF4AC00E199D0 /* Frameworks */,
				05FCF4B31C2BF4AC00E199D0 /* Resources */,
			);
			buildRules = (
			);
			dependencies = (
			);
			name = test_pb_xcode;
			productName = test_pb_xcode;
			productReference = 05FCF4B51C2BF4AC00E199D0 /* test_pb_xcode.app */;
			productType = "com.apple.product-type.application";
		};
/* End PBXNativeTarget section */

/* Begin PBXProject section */
		05FCF4AD1C2BF4AC00E199D0 /* Project object */ = {
			isa = PBXProject;
			attributes = {
				LastUpgradeCheck = 0720;
				ORGANIZATIONNAME = "dang ta";
				TargetAttributes = {
					05FCF4B41C2BF4AC00E199D0 = {
						CreatedOnToolsVersion = 7.2;
					};
				};
			};
			buildConfigurationList = 05FCF4B01C2BF4AC00E199D0 /* Build configuration list for PBXProject "test_pb_xcode" */;
			compatibilityVersion = "Xcode 3.2";
			developmentRegion = English;
			hasScannedForEncodings = 0;
			knownRegions = (
				en,
				Base,
			);
			mainGroup = 05FCF4AC1C2BF4AC00E199D0;
			productRefGroup = 05FCF4B61C2BF4AC00E199D0 /* Products */;
			projectDirPath = "";
			projectRoot = "";
			targets = (
				05FCF4B41C2BF4AC00E199D0 /* test_pb_xcode */,
			);
		};
/* End PBXProject section */

/* Begin PBXResourcesBuildPhase section */
		05FCF4B31C2BF4AC00E199D0 /* Resources */ = {
			isa = PBXResourcesBuildPhase;
			buildActionMask = 2147483647;
			files = (
				05FCF4C81C2BF4AC00E199D0 /* LaunchScreen.storyboard in Resources */,
				05FCF4C51C2BF4AC00E199D0 /* Assets.xcassets in Resources */,
				05FCF4C31C2BF4AC00E199D0 /* Main.storyboard in Resources */,
			);
			runOnlyForDeploymentPostprocessing = 0;
		};
/* End PBXResourcesBuildPhase section */

/* Begin PBXSourcesBuildPhase section */
		05FCF4B11C2BF4AC00E199D0 /* Sources */ = {
			isa = PBXSourcesBuildPhase;
			buildActionMask = 2147483647;
			files = (
				05FCF4C01C2BF4AC00E199D0 /* ViewController.m in Sources */,
				05FCF4BD1C2BF4AC00E199D0 /* AppDelegate.mm in Sources */,
				05FCF4BA1C2BF4AC00E199D0 /* main.m in Sources */,
			);
			runOnlyForDeploymentPostprocessing = 0;
		};
/* End PBXSourcesBuildPhase section */

/* Begin PBXVariantGroup section */
		05FCF4C11C2BF4AC00E199D0 /* Main.storyboard */ = {
			isa = PBXVariantGroup;
			children = (
				05FCF4C21C2BF4AC00E199D0 /* Base */,
			);
			name = Main.storyboard;
			sourceTree = "<group>";
		};
		05FCF4C61C2BF4AC00E199D0 /* LaunchScreen.storyboard */ = {
			isa = PBXVariantGroup;
			children = (
				05FCF4C71C2BF4AC00E199D0 /* Base */,
			);
			name = LaunchScreen.storyboard;
			sourceTree = "<group>";
		};
/* End PBXVariantGroup section */

/* Begin XCBuildConfiguration section */
		05FCF4CA1C2BF4AC00E199D0 /* Debug */ = {
			isa = XCBuildConfiguration;
			buildSettings = {
				ALWAYS_SEARCH_USER_PATHS = NO;
				CLANG_CXX_LANGUAGE_STANDARD = "gnu++0x";
				CLANG_CXX_LIBRARY = "libc++";
				CLANG_ENABLE_MODULES = YES;
				CLANG_ENABLE_OBJC_ARC = YES;
				CLANG_WARN_BOOL_CONVERSION = YES;
				CLANG_WARN_CONSTANT_CONVERSION = YES;
				CLANG_WARN_DIRECT_OBJC_ISA_USAGE = YES_ERROR;
				CLANG_WARN_EMPTY_BODY = YES;
				CLANG_WARN_ENUM_CONVERSION = YES;
				CLANG_WARN_INT_CONVERSION = YES;
				CLANG_WARN_OBJC_ROOT_CLASS = YES_ERROR;
				CLANG_WARN_UNREACHABLE_CODE = YES;
				CLANG_WARN__DUPLICATE_METHOD_MATCH = YES;
				"CODE_SIGN_IDENTITY[sdk=iphoneos*]" = "iPhone Developer";
				COPY_PHASE_STRIP = NO;
				DEBUG_INFORMATION_FORMAT = dwarf;
				ENABLE_STRICT_OBJC_MSGSEND = YES;
				ENABLE_TESTABILITY = YES;
				GCC_C_LANGUAGE_STANDARD = gnu99;
				GCC_DYNAMIC_NO_PIC = NO;
				GCC_NO_COMMON_BLOCKS = YES;
				GCC_OPTIMIZATION_LEVEL = 0;
				GCC_PREPROCESSOR_DEFINITIONS = (
					"DEBUG=1",
					"$(inherited)",
				);
				GCC_WARN_64_TO_32_BIT_CONVERSION = YES;
				GCC_WARN_ABOUT_RETURN_TYPE = YES_ERROR;
				GCC_WARN_UNDECLARED_SELECTOR = YES;
				GCC_WARN_UNINITIALIZED_AUTOS = YES_AGGRESSIVE;
				GCC_WARN_UNUSED_FUNCTION = YES;
				GCC_WARN_UNUSED_VARIABLE = YES;
				IPHONEOS_DEPLOYMENT_TARGET = 9.2;
				MTL_ENABLE_DEBUG_INFO = YES;
				ONLY_ACTIVE_ARCH = YES;
				SDKROOT = iphoneos;
				TARGETED_DEVICE_FAMILY = "1,2";
			};
			name = Debug;
		};
		05FCF4CB1C2BF4AC00E199D0 /* Release */ = {
			isa = XCBuildConfiguration;
			buildSettings = {
				ALWAYS_SEARCH_USER_PATHS = NO;
				CLANG_CXX_LANGUAGE_STANDARD = "gnu++0x";
				CLANG_CXX_LIBRARY = "libc++";
				CLANG_ENABLE_MODULES = YES;
				CLANG_ENABLE_OBJC_ARC = YES;
				CLANG_WARN_BOOL_CONVERSION = YES;
				CLANG_WARN_CONSTANT_CONVERSION = YES;
				CLANG_WARN_DIRECT_OBJC_ISA_USAGE = YES_ERROR;
				CLANG_WARN_EMPTY_BODY = YES;
				CLANG_WARN_ENUM_CONVERSION = YES;
				CLANG_WARN_INT_CONVERSION = YES;
				CLANG_WARN_OBJC_ROOT_CLASS = YES_ERROR;
				CLANG_WARN_UNREACHABLE_CODE = YES;
				CLANG_WARN__DUPLICATE_METHOD_MATCH = YES;
				"CODE_SIGN_IDENTITY[sdk=iphoneos*]" = "iPhone Developer";
				COPY_PHASE_STRIP = NO;
				DEBUG_INFORMATION_FORMAT = "dwarf-with-dsym";
				ENABLE_NS_ASSERTIONS = NO;
				ENABLE_STRICT_OBJC_MSGSEND = YES;
				GCC_C_LANGUAGE_STANDARD = gnu99;
				GCC_NO_COMMON_BLOCKS = YES;
				GCC_WARN_64_TO_32_BIT_CONVERSION = YES;
				GCC_WARN_ABOUT_RETURN_TYPE = YES_ERROR;
				GCC_WARN_UNDECLARED_SELECTOR = YES;
				GCC_WARN_UNINITIALIZED_AUTOS = YES_AGGRESSIVE;
				GCC_WARN_UNUSED_FUNCTION = YES;
				GCC_WARN_UNUSED_VARIABLE = YES;
				IPHONEOS_DEPLOYMENT_TARGET = 9.2;
				MTL_ENABLE_DEBUG_INFO = NO;
				SDKROOT = iphoneos;
				TARGETED_DEVICE_FAMILY = "1,2";
				VALIDATE_PRODUCT = YES;
			};
			name = Release;
		};
		05FCF4CD1C2BF4AC00E199D0 /* Debug */ = {
			isa = XCBuildConfiguration;
			buildSettings = {
				ASSETCATALOG_COMPILER_APPICON_NAME = AppIcon;
				INFOPLIST_FILE = test_pb_xcode/Info.plist;
				LD_RUNPATH_SEARCH_PATHS = "$(inherited) @executable_path/Frameworks";
				LIBRARY_SEARCH_PATHS = (
					"$(inherited)",
					"$(PROJECT_DIR)",
				);
				PRODUCT_BUNDLE_IDENTIFIER = "dang.test-pb-xcode";
				PRODUCT_NAME = "$(TARGET_NAME)";
			};
			name = Debug;
		};
		05FCF4CE1C2BF4AC00E199D0 /* Release */ = {
			isa = XCBuildConfiguration;
			buildSettings = {
				ASSETCATALOG_COMPILER_APPICON_NAME = AppIcon;
				INFOPLIST_FILE = test_pb_xcode/Info.plist;
				LD_RUNPATH_SEARCH_PATHS = "$(inherited) @executable_path/Frameworks";
				LIBRARY_SEARCH_PATHS = (
					"$(inherited)",
					"$(PROJECT_DIR)",
				);
				PRODUCT_BUNDLE_IDENTIFIER = "dang.test-pb-xcode";
				PRODUCT_NAME = "$(TARGET_NAME)";
			};
			name = Release;
		};
/* End XCBuildConfiguration section */

/* Begin XCConfigurationList section */
		05FCF4B01C2BF4AC00E199D0 /* Build configuration list for PBXProject "test_pb_xcode" */ = {
			isa = XCConfigurationList;
			buildConfigurations = (
				05FCF4CA1C2BF4AC00E199D0 /* Debug */,
				05FCF4CB1C2BF4AC00E199D0 /* Release */,
			);
			defaultConfigurationIsVisible = 0;
			defaultConfigurationName = Release;
		};
		05FCF4CC1C2BF4AC00E199D0 /* Build configuration list for PBXNativeTarget "test_pb_xcode" */ = {
			isa = XCConfigurationList;
			buildConfigurations = (
				05FCF4CD1C2BF4AC00E199D0 /* Debug */,
				05FCF4CE1C2BF4AC00E199D0 /* Release */,
			);
			defaultConfigurationIsVisible = 0;
			defaultConfigurationName = Release;
		};
/* End XCConfigurationList section */
	};
	rootObject = 05FCF4AD1C2BF4AC00E199D0 /* Project object */;
}
